
Microsoft Visual Studio Solution File, Format Version 12.00
# Visual Studio Version 16
VisualStudioVersion = 16.0.29728.190
MinimumVisualStudioVersion = 10.0.40219.1
Project("{FAE04EC0-301F-11D3-BF4B-00C04F79EFBC}") = "Donor Client.Android", "Donor Client\Donor Client.Android\Donor Client.Android.csproj", "{D852A2EB-1C2C-4698-B62C-BBA7920535F2}"
EndProject
Project("{FAE04EC0-301F-11D3-BF4B-00C04F79EFBC}") = "Donor Client.iOS", "Donor Client\Donor Client.iOS\Donor Client.iOS.csproj", "{52221429-1EE2-456C-824A-7CCCC6CE5068}"
EndProject
Project("{FAE04EC0-301F-11D3-BF4B-00C04F79EFBC}") = "Donor Client", "Donor Client\Donor Client\Donor Client.csproj", "{0E1654B2-8C36-47B0-B710-4964BC22478A}"
EndProject
Project("{9A19103F-16F7-4668-BE54-9A1E7A4F7556}") = "SKD.Common", "SKD.Common\SKD.Common\SKD.Common.csproj", "{99A2BFEC-BBE3-4D4D-BE88-7CA16A7CF3E7}"
EndProject
Project("{FAE04EC0-301F-11D3-BF4B-00C04F79EFBC}") = "Partner Client", "Partner Client\Partner Client\Partner Client.csproj", "{4ABFB3F1-DCC5-49BF-8AA8-F7B4107843D3}"
EndProject
Project("{FAE04EC0-301F-11D3-BF4B-00C04F79EFBC}") = "Partner Client.Android", "Partner Client\Partner Client.Android\Partner Client.Android.csproj", "{2450A831-5B45-4343-B9F1-23A16688ABB9}"
EndProject
Project("{FAE04EC0-301F-11D3-BF4B-00C04F79EFBC}") = "SKD.Common.Droid", "SKD.Common\SKD.Common.Droid\SKD.Common.Droid.csproj", "{909CD7F6-A793-4F94-B8E8-A0B2EEEE6EAA}"
EndProject
Project("{FAE04EC0-301F-11D3-BF4B-00C04F79EFBC}") = "SKD.Common.iOS", "SKD.Common\SKD.Common.iOS\SKD.Common.iOS.csproj", "{D3BE683F-CA80-416E-8665-68FEDDB794E1}"
EndProject
Project("{FAE04EC0-301F-11D3-BF4B-00C04F79EFBC}") = "Partner Client.iOS", "Partner Client\Partner Client.iOS\Partner Client.iOS.csproj", "{94E3FB2C-7556-41EB-A9A9-CA1FF630C014}"
EndProject
Global
	GlobalSection(SolutionConfigurationPlatforms) = preSolution
		Debug|Any CPU = Debug|Any CPU
		Debug|iPhone = Debug|iPhone
		Debug|iPhoneSimulator = Debug|iPhoneSimulator
		Release|Any CPU = Release|Any CPU
		Release|iPhone = Release|iPhone
		Release|iPhoneSimulator = Release|iPhoneSimulator
	EndGlobalSection
	GlobalSection(ProjectConfigurationPlatforms) = postSolution
		{D852A2EB-1C2C-4698-B62C-BBA7920535F2}.Debug|Any CPU.ActiveCfg = Debug|Any CPU
		{D852A2EB-1C2C-4698-B62C-BBA7920535F2}.Debug|Any CPU.Build.0 = Debug|Any CPU
		{D852A2EB-1C2C-4698-B62C-BBA7920535F2}.Debug|Any CPU.Deploy.0 = Debug|Any CPU
		{D852A2EB-1C2C-4698-B62C-BBA7920535F2}.Debug|iPhone.ActiveCfg = Debug|Any CPU
		{D852A2EB-1C2C-4698-B62C-BBA7920535F2}.Debug|iPhone.Build.0 = Debug|Any CPU
		{D852A2EB-1C2C-4698-B62C-BBA7920535F2}.Debug|iPhone.Deploy.0 = Debug|Any CPU
		{D852A2EB-1C2C-4698-B62C-BBA7920535F2}.Debug|iPhoneSimulator.ActiveCfg = Debug|Any CPU
		{D852A2EB-1C2C-4698-B62C-BBA7920535F2}.Debug|iPhoneSimulator.Build.0 = Debug|Any CPU
		{D852A2EB-1C2C-4698-B62C-BBA7920535F2}.Debug|iPhoneSimulator.Deploy.0 = Debug|Any CPU
		{D852A2EB-1C2C-4698-B62C-BBA7920535F2}.Release|Any CPU.ActiveCfg = Release|Any CPU
		{D852A2EB-1C2C-4698-B62C-BBA7920535F2}.Release|Any CPU.Build.0 = Release|Any CPU
		{D852A2EB-1C2C-4698-B62C-BBA7920535F2}.Release|Any CPU.Deploy.0 = Release|Any CPU
		{D852A2EB-1C2C-4698-B62C-BBA7920535F2}.Release|iPhone.ActiveCfg = Release|Any CPU
		{D852A2EB-1C2C-4698-B62C-BBA7920535F2}.Release|iPhone.Build.0 = Release|Any CPU
		{D852A2EB-1C2C-4698-B62C-BBA7920535F2}.Release|iPhone.Deploy.0 = Release|Any CPU
		{D852A2EB-1C2C-4698-B62C-BBA7920535F2}.Release|iPhoneSimulator.ActiveCfg = Release|Any CPU
		{D852A2EB-1C2C-4698-B62C-BBA7920535F2}.Release|iPhoneSimulator.Build.0 = Release|Any CPU
		{D852A2EB-1C2C-4698-B62C-BBA7920535F2}.Release|iPhoneSimulator.Deploy.0 = Release|Any CPU
		{52221429-1EE2-456C-824A-7CCCC6CE5068}.Debug|Any CPU.ActiveCfg = Debug|iPhone
		{52221429-1EE2-456C-824A-7CCCC6CE5068}.Debug|Any CPU.Deploy.0 = Debug|iPhone
		{52221429-1EE2-456C-824A-7CCCC6CE5068}.Debug|iPhone.ActiveCfg = Debug|iPhone
		{52221429-1EE2-456C-824A-7CCCC6CE5068}.Debug|iPhone.Build.0 = Debug|iPhone
		{52221429-1EE2-456C-824A-7CCCC6CE5068}.Debug|iPhone.Deploy.0 = Debug|iPhone
		{52221429-1EE2-456C-824A-7CCCC6CE5068}.Debug|iPhoneSimulator.ActiveCfg = Debug|iPhoneSimulator
		{52221429-1EE2-456C-824A-7CCCC6CE5068}.Debug|iPhoneSimulator.Build.0 = Debug|iPhoneSimulator
		{52221429-1EE2-456C-824A-7CCCC6CE5068}.Debug|iPhoneSimulator.Deploy.0 = Debug|iPhoneSimulator
		{52221429-1EE2-456C-824A-7CCCC6CE5068}.Release|Any CPU.ActiveCfg = Release|iPhone
		{52221429-1EE2-456C-824A-7CCCC6CE5068}.Release|Any CPU.Deploy.0 = Release|iPhone
		{52221429-1EE2-456C-824A-7CCCC6CE5068}.Release|iPhone.ActiveCfg = Release|iPhone
		{52221429-1EE2-456C-824A-7CCCC6CE5068}.Release|iPhone.Build.0 = Release|iPhone
		{52221429-1EE2-456C-824A-7CCCC6CE5068}.Release|iPhone.Deploy.0 = Release|iPhone
		{52221429-1EE2-456C-824A-7CCCC6CE5068}.Release|iPhoneSimulator.ActiveCfg = Release|iPhoneSimulator
		{52221429-1EE2-456C-824A-7CCCC6CE5068}.Release|iPhoneSimulator.Build.0 = Release|iPhoneSimulator
		{52221429-1EE2-456C-824A-7CCCC6CE5068}.Release|iPhoneSimulator.Deploy.0 = Release|iPhoneSimulator
		{0E1654B2-8C36-47B0-B710-4964BC22478A}.Debug|Any CPU.ActiveCfg = Debug|Any CPU
		{0E1654B2-8C36-47B0-B710-4964BC22478A}.Debug|Any CPU.Build.0 = Debug|Any CPU
		{0E1654B2-8C36-47B0-B710-4964BC22478A}.Debug|Any CPU.Deploy.0 = Debug|Any CPU
		{0E1654B2-8C36-47B0-B710-4964BC22478A}.Debug|iPhone.ActiveCfg = Debug|Any CPU
		{0E1654B2-8C36-47B0-B710-4964BC22478A}.Debug|iPhone.Build.0 = Debug|Any CPU
		{0E1654B2-8C36-47B0-B710-4964BC22478A}.Debug|iPhone.Deploy.0 = Debug|Any CPU
		{0E1654B2-8C36-47B0-B710-4964BC22478A}.Debug|iPhoneSimulator.ActiveCfg = Debug|Any CPU
		{0E1654B2-8C36-47B0-B710-4964BC22478A}.Debug|iPhoneSimulator.Build.0 = Debug|Any CPU
		{0E1654B2-8C36-47B0-B710-4964BC22478A}.Debug|iPhoneSimulator.Deploy.0 = Debug|Any CPU
		{0E1654B2-8C36-47B0-B710-4964BC22478A}.Release|Any CPU.ActiveCfg = Release|Any CPU
		{0E1654B2-8C36-47B0-B710-4964BC22478A}.Release|Any CPU.Build.0 = Release|Any CPU
		{0E1654B2-8C36-47B0-B710-4964BC22478A}.Release|Any CPU.Deploy.0 = Release|Any CPU
		{0E1654B2-8C36-47B0-B710-4964BC22478A}.Release|iPhone.ActiveCfg = Release|Any CPU
		{0E1654B2-8C36-47B0-B710-4964BC22478A}.Release|iPhone.Build.0 = Release|Any CPU
		{0E1654B2-8C36-47B0-B710-4964BC22478A}.Release|iPhone.Deploy.0 = Release|Any CPU
		{0E1654B2-8C36-47B0-B710-4964BC22478A}.Release|iPhoneSimulator.ActiveCfg = Release|Any CPU
		{0E1654B2-8C36-47B0-B710-4964BC22478A}.Release|iPhoneSimulator.Build.0 = Release|Any CPU
		{0E1654B2-8C36-47B0-B710-4964BC22478A}.Release|iPhoneSimulator.Deploy.0 = Release|Any CPU
		{99A2BFEC-BBE3-4D4D-BE88-7CA16A7CF3E7}.Debug|Any CPU.ActiveCfg = Debug|Any CPU
		{99A2BFEC-BBE3-4D4D-BE88-7CA16A7CF3E7}.Debug|Any CPU.Build.0 = Debug|Any CPU
		{99A2BFEC-BBE3-4D4D-BE88-7CA16A7CF3E7}.Debug|iPhone.ActiveCfg = Debug|Any CPU
		{99A2BFEC-BBE3-4D4D-BE88-7CA16A7CF3E7}.Debug|iPhone.Build.0 = Debug|Any CPU
		{99A2BFEC-BBE3-4D4D-BE88-7CA16A7CF3E7}.Debug|iPhoneSimulator.ActiveCfg = Debug|Any CPU
		{99A2BFEC-BBE3-4D4D-BE88-7CA16A7CF3E7}.Debug|iPhoneSimulator.Build.0 = Debug|Any CPU
		{99A2BFEC-BBE3-4D4D-BE88-7CA16A7CF3E7}.Release|Any CPU.ActiveCfg = Release|Any CPU
		{99A2BFEC-BBE3-4D4D-BE88-7CA16A7CF3E7}.Release|Any CPU.Build.0 = Release|Any CPU
		{99A2BFEC-BBE3-4D4D-BE88-7CA16A7CF3E7}.Release|iPhone.ActiveCfg = Release|Any CPU
		{99A2BFEC-BBE3-4D4D-BE88-7CA16A7CF3E7}.Release|iPhone.Build.0 = Release|Any CPU
		{99A2BFEC-BBE3-4D4D-BE88-7CA16A7CF3E7}.Release|iPhoneSimulator.ActiveCfg = Release|Any CPU
		{99A2BFEC-BBE3-4D4D-BE88-7CA16A7CF3E7}.Release|iPhoneSimulator.Build.0 = Release|Any CPU
		{4ABFB3F1-DCC5-49BF-8AA8-F7B4107843D3}.Debug|Any CPU.ActiveCfg = Debug|Any CPU
		{4ABFB3F1-DCC5-49BF-8AA8-F7B4107843D3}.Debug|Any CPU.Build.0 = Debug|Any CPU
		{4ABFB3F1-DCC5-49BF-8AA8-F7B4107843D3}.Debug|iPhone.ActiveCfg = Debug|Any CPU
		{4ABFB3F1-DCC5-49BF-8AA8-F7B4107843D3}.Debug|iPhone.Build.0 = Debug|Any CPU
		{4ABFB3F1-DCC5-49BF-8AA8-F7B4107843D3}.Debug|iPhoneSimulator.ActiveCfg = Debug|Any CPU
		{4ABFB3F1-DCC5-49BF-8AA8-F7B4107843D3}.Debug|iPhoneSimulator.Build.0 = Debug|Any CPU
		{4ABFB3F1-DCC5-49BF-8AA8-F7B4107843D3}.Release|Any CPU.ActiveCfg = Release|Any CPU
		{4ABFB3F1-DCC5-49BF-8AA8-F7B4107843D3}.Release|Any CPU.Build.0 = Release|Any CPU
		{4ABFB3F1-DCC5-49BF-8AA8-F7B4107843D3}.Release|iPhone.ActiveCfg = Release|Any CPU
		{4ABFB3F1-DCC5-49BF-8AA8-F7B4107843D3}.Release|iPhone.Build.0 = Release|Any CPU
		{4ABFB3F1-DCC5-49BF-8AA8-F7B4107843D3}.Release|iPhoneSimulator.ActiveCfg = Release|Any CPU
		{4ABFB3F1-DCC5-49BF-8AA8-F7B4107843D3}.Release|iPhoneSimulator.Build.0 = Release|Any CPU
		{2450A831-5B45-4343-B9F1-23A16688ABB9}.Debug|Any CPU.ActiveCfg = Debug|Any CPU
		{2450A831-5B45-4343-B9F1-23A16688ABB9}.Debug|Any CPU.Build.0 = Debug|Any CPU
		{2450A831-5B45-4343-B9F1-23A16688ABB9}.Debug|Any CPU.Deploy.0 = Debug|Any CPU
		{2450A831-5B45-4343-B9F1-23A16688ABB9}.Debug|iPhone.ActiveCfg = Debug|Any CPU
		{2450A831-5B45-4343-B9F1-23A16688ABB9}.Debug|iPhone.Build.0 = Debug|Any CPU
		{2450A831-5B45-4343-B9F1-23A16688ABB9}.Debug|iPhone.Deploy.0 = Debug|Any CPU
		{2450A831-5B45-4343-B9F1-23A16688ABB9}.Debug|iPhoneSimulator.ActiveCfg = Debug|Any CPU
		{2450A831-5B45-4343-B9F1-23A16688ABB9}.Debug|iPhoneSimulator.Build.0 = Debug|Any CPU
		{2450A831-5B45-4343-B9F1-23A16688ABB9}.Debug|iPhoneSimulator.Deploy.0 = Debug|Any CPU
		{2450A831-5B45-4343-B9F1-23A16688ABB9}.Release|Any CPU.ActiveCfg = Release|Any CPU
		{2450A831-5B45-4343-B9F1-23A16688ABB9}.Release|Any CPU.Build.0 = Release|Any CPU
		{2450A831-5B45-4343-B9F1-23A16688ABB9}.Release|Any CPU.Deploy.0 = Release|Any CPU
		{2450A831-5B45-4343-B9F1-23A16688ABB9}.Release|iPhone.ActiveCfg = Release|Any CPU
		{2450A831-5B45-4343-B9F1-23A16688ABB9}.Release|iPhone.Build.0 = Release|Any CPU
		{2450A831-5B45-4343-B9F1-23A16688ABB9}.Release|iPhone.Deploy.0 = Release|Any CPU
		{2450A831-5B45-4343-B9F1-23A16688ABB9}.Release|iPhoneSimulator.ActiveCfg = Release|Any CPU
		{2450A831-5B45-4343-B9F1-23A16688ABB9}.Release|iPhoneSimulator.Build.0 = Release|Any CPU
		{2450A831-5B45-4343-B9F1-23A16688ABB9}.Release|iPhoneSimulator.Deploy.0 = Release|Any CPU
		{909CD7F6-A793-4F94-B8E8-A0B2EEEE6EAA}.Debug|Any CPU.ActiveCfg = Debug|Any CPU
		{909CD7F6-A793-4F94-B8E8-A0B2EEEE6EAA}.Debug|Any CPU.Build.0 = Debug|Any CPU
		{909CD7F6-A793-4F94-B8E8-A0B2EEEE6EAA}.Debug|iPhone.ActiveCfg = Debug|Any CPU
		{909CD7F6-A793-4F94-B8E8-A0B2EEEE6EAA}.Debug|iPhone.Build.0 = Debug|Any CPU
		{909CD7F6-A793-4F94-B8E8-A0B2EEEE6EAA}.Debug|iPhoneSimulator.ActiveCfg = Debug|Any CPU
		{909CD7F6-A793-4F94-B8E8-A0B2EEEE6EAA}.Debug|iPhoneSimulator.Build.0 = Debug|Any CPU
		{909CD7F6-A793-4F94-B8E8-A0B2EEEE6EAA}.Release|Any CPU.ActiveCfg = Release|Any CPU
		{909CD7F6-A793-4F94-B8E8-A0B2EEEE6EAA}.Release|Any CPU.Build.0 = Release|Any CPU
		{909CD7F6-A793-4F94-B8E8-A0B2EEEE6EAA}.Release|iPhone.ActiveCfg = Release|Any CPU
		{909CD7F6-A793-4F94-B8E8-A0B2EEEE6EAA}.Release|iPhone.Build.0 = Release|Any CPU
		{909CD7F6-A793-4F94-B8E8-A0B2EEEE6EAA}.Release|iPhoneSimulator.ActiveCfg = Release|Any CPU
		{909CD7F6-A793-4F94-B8E8-A0B2EEEE6EAA}.Release|iPhoneSimulator.Build.0 = Release|Any CPU
		{D3BE683F-CA80-416E-8665-68FEDDB794E1}.Debug|Any CPU.ActiveCfg = Debug|Any CPU
		{D3BE683F-CA80-416E-8665-68FEDDB794E1}.Debug|Any CPU.Build.0 = Debug|Any CPU
		{D3BE683F-CA80-416E-8665-68FEDDB794E1}.Debug|iPhone.ActiveCfg = Debug|Any CPU
		{D3BE683F-CA80-416E-8665-68FEDDB794E1}.Debug|iPhone.Build.0 = Debug|Any CPU
		{D3BE683F-CA80-416E-8665-68FEDDB794E1}.Debug|iPhoneSimulator.ActiveCfg = Debug|Any CPU
		{D3BE683F-CA80-416E-8665-68FEDDB794E1}.Debug|iPhoneSimulator.Build.0 = Debug|Any CPU
		{D3BE683F-CA80-416E-8665-68FEDDB794E1}.Release|Any CPU.ActiveCfg = Release|Any CPU
		{D3BE683F-CA80-416E-8665-68FEDDB794E1}.Release|Any CPU.Build.0 = Release|Any CPU
		{D3BE683F-CA80-416E-8665-68FEDDB794E1}.Release|iPhone.ActiveCfg = Release|Any CPU
		{D3BE683F-CA80-416E-8665-68FEDDB794E1}.Release|iPhone.Build.0 = Release|Any CPU
		{D3BE683F-CA80-416E-8665-68FEDDB794E1}.Release|iPhoneSimulator.ActiveCfg = Release|Any CPU
		{D3BE683F-CA80-416E-8665-68FEDDB794E1}.Release|iPhoneSimulator.Build.0 = Release|Any CPU
		{94E3FB2C-7556-41EB-A9A9-CA1FF630C014}.Debug|Any CPU.ActiveCfg = Debug|iPhone
		{94E3FB2C-7556-41EB-A9A9-CA1FF630C014}.Debug|iPhone.ActiveCfg = Debug|iPhone
		{94E3FB2C-7556-41EB-A9A9-CA1FF630C014}.Debug|iPhone.Build.0 = Debug|iPhone
		{94E3FB2C-7556-41EB-A9A9-CA1FF630C014}.Debug|iPhone.Deploy.0 = Debug|iPhone
		{94E3FB2C-7556-41EB-A9A9-CA1FF630C014}.Debug|iPhoneSimulator.ActiveCfg = Debug|iPhoneSimulator
		{94E3FB2C-7556-41EB-A9A9-CA1FF630C014}.Debug|iPhoneSimulator.Build.0 = Debug|iPhoneSimulator
		{94E3FB2C-7556-41EB-A9A9-CA1FF630C014}.Release|Any CPU.ActiveCfg = Release|iPhone
		{94E3FB2C-7556-41EB-A9A9-CA1FF630C014}.Release|iPhone.ActiveCfg = Release|iPhone
		{94E3FB2C-7556-41EB-A9A9-CA1FF630C014}.Release|iPhone.Build.0 = Release|iPhone
		{94E3FB2C-7556-41EB-A9A9-CA1FF630C014}.Release|iPhoneSimulator.ActiveCfg = Release|iPhoneSimulator
		{94E3FB2C-7556-41EB-A9A9-CA1FF630C014}.Release|iPhoneSimulator.Build.0 = Release|iPhoneSimulator
	EndGlobalSection
	GlobalSection(SolutionProperties) = preSolution
		HideSolutionNode = FALSE
	EndGlobalSection
	GlobalSection(ExtensibilityGlobals) = postSolution
		SolutionGuid = {671F1548-BD2B-4473-BFAB-9DA38A15FF41}
	EndGlobalSection
EndGlobal
